
Microsoft Visual Studio Solution File, Format Version 12.00
# Visual Studio Version 16
VisualStudioVersion = 16.0.31025.194
MinimumVisualStudioVersion = 10.0.40219.1
Project("{FAE04EC0-301F-11D3-BF4B-00C04F79EFBC}") = "TimeTable management System", "TimeTable management System\TimeTable management System.csproj", "{B2071C53-2D6C-4AB5-BCD8-EE9CADC0529C}"
EndProject
Global
	GlobalSection(SolutionConfigurationPlatforms) = preSolution
		Debug|Any CPU = Debug|Any CPU
		Release|Any CPU = Release|Any CPU
	EndGlobalSection
	GlobalSection(ProjectConfigurationPlatforms) = postSolution
		{B2071C53-2D6C-4AB5-BCD8-EE9CADC0529C}.Debug|Any CPU.ActiveCfg = Debug|Any CPU
		{B2071C53-2D6C-4AB5-BCD8-EE9CADC0529C}.Debug|Any CPU.Build.0 = Debug|Any CPU
		{B2071C53-2D6C-4AB5-BCD8-EE9CADC0529C}.Release|Any CPU.ActiveCfg = Release|Any CPU
		{B2071C53-2D6C-4AB5-BCD8-EE9CADC0529C}.Release|Any CPU.Build.0 = Release|Any CPU
	EndGlobalSection
	GlobalSection(SolutionProperties) = preSolution
		HideSolutionNode = FALSE
	EndGlobalSection
	GlobalSection(ExtensibilityGlobals) = postSolution
		SolutionGuid = {E03B63AD-C9B2-49C7-AAD3-6367E8DF7454}
	EndGlobalSection
EndGlobal
